
Microsoft Visual Studio Solution File, Format Version 12.00
# Visual Studio 14
VisualStudioVersion = 14.0.25420.1
MinimumVisualStudioVersion = 10.0.40219.1
Project("{FAE04EC0-301F-11D3-BF4B-00C04F79EFBC}") = "COMP123-Lesson11B", "COMP123-Lesson11B\COMP123-Lesson11B.csproj", "{DB82F086-7AED-4B3A-A81C-AF4CD4D53CAB}"
EndProject
Global
	GlobalSection(SolutionConfigurationPlatforms) = preSolution
		Debug|Any CPU = Debug|Any CPU
		Release|Any CPU = Release|Any CPU
	EndGlobalSection
	GlobalSection(ProjectConfigurationPlatforms) = postSolution
		{DB82F086-7AED-4B3A-A81C-AF4CD4D53CAB}.Debug|Any CPU.ActiveCfg = Debug|Any CPU
		{DB82F086-7AED-4B3A-A81C-AF4CD4D53CAB}.Debug|Any CPU.Build.0 = Debug|Any CPU
		{DB82F086-7AED-4B3A-A81C-AF4CD4D53CAB}.Release|Any CPU.ActiveCfg = Release|Any CPU
		{DB82F086-7AED-4B3A-A81C-AF4CD4D53CAB}.Release|Any CPU.Build.0 = Release|Any CPU
	EndGlobalSection
	GlobalSection(SolutionProperties) = preSolution
		HideSolutionNode = FALSE
	EndGlobalSection
EndGlobal
